
Microsoft Visual Studio Solution File, Format Version 12.00
# Visual Studio Version 17
VisualStudioVersion = 17.9.34622.214
MinimumVisualStudioVersion = 10.0.40219.1
Project("{FAE04EC0-301F-11D3-BF4B-00C04F79EFBC}") = "MyLifeManager", "MyLifeManager\MyLifeManager.csproj", "{B985AB1F-53CC-4E94-A2B2-F9FD67A9AC0B}"
EndProject
Global
	GlobalSection(SolutionConfigurationPlatforms) = preSolution
		Debug|Any CPU = Debug|Any CPU
		Release|Any CPU = Release|Any CPU
	EndGlobalSection
	GlobalSection(ProjectConfigurationPlatforms) = postSolution
		{B985AB1F-53CC-4E94-A2B2-F9FD67A9AC0B}.Debug|Any CPU.ActiveCfg = Debug|Any CPU
		{B985AB1F-53CC-4E94-A2B2-F9FD67A9AC0B}.Debug|Any CPU.Build.0 = Debug|Any CPU
		{B985AB1F-53CC-4E94-A2B2-F9FD67A9AC0B}.Release|Any CPU.ActiveCfg = Release|Any CPU
		{B985AB1F-53CC-4E94-A2B2-F9FD67A9AC0B}.Release|Any CPU.Build.0 = Release|Any CPU
	EndGlobalSection
	GlobalSection(SolutionProperties) = preSolution
		HideSolutionNode = FALSE
	EndGlobalSection
	GlobalSection(ExtensibilityGlobals) = postSolution
		SolutionGuid = {6E21EED7-1207-4DEC-95CF-8A11652D7CDC}
	EndGlobalSection
EndGlobal
